
Microsoft Visual Studio Solution File, Format Version 12.00
# Visual Studio Version 16
VisualStudioVersion = 16.0.31702.278
MinimumVisualStudioVersion = 10.0.40219.1
Project("{FAE04EC0-301F-11D3-BF4B-00C04F79EFBC}") = "Queues", "Azure\Queues.csproj", "{AD52EB65-0920-4BC3-8669-1988CCA4B047}"
EndProject
Project("{9A19103F-16F7-4668-BE54-9A1E7A4F7556}") = "TopicSender", "TopicSender\TopicSender.csproj", "{FE0E21FA-774C-4180-9965-688D0479C6EC}"
EndProject
Project("{9A19103F-16F7-4668-BE54-9A1E7A4F7556}") = "SubscriptionReceiver", "SubscriptionReceiver\SubscriptionReceiver.csproj", "{71A100EB-B24B-4C68-859C-FBE57B3C6834}"
	ProjectSection(ProjectDependencies) = postProject
		{FE0E21FA-774C-4180-9965-688D0479C6EC} = {FE0E21FA-774C-4180-9965-688D0479C6EC}
	EndProjectSection
EndProject
Project("{9A19103F-16F7-4668-BE54-9A1E7A4F7556}") = "CosmosIdentity", "CosmosIdentity\CosmosIdentity.csproj", "{A7143335-E8E9-4F48-AFFF-1E063FEE321A}"
EndProject
Project("{9A19103F-16F7-4668-BE54-9A1E7A4F7556}") = "keyvault-console-app", "keyvault-console-app\keyvault-console-app.csproj", "{26FBDF21-C6FC-4532-96BA-F2C189D6995E}"
EndProject
Project("{888888A0-9F3D-457C-B088-3A5042F75D52}") = "azure-keyvault-secrets-python", "azure-keyvault-secrets-python\azure-keyvault-secrets-python.pyproj", "{02FF51B6-1566-4300-BC32-9288C78A0A8D}"
EndProject
Project("{9A19103F-16F7-4668-BE54-9A1E7A4F7556}") = "AzureKeyVaultWebApp", "AzureKeyVaultWebApp\AzureKeyVaultWebApp.csproj", "{978DEE30-D39B-4B0E-93AE-E9A6049F413B}"
EndProject
Project("{9A19103F-16F7-4668-BE54-9A1E7A4F7556}") = "key-vault-keys-console-app", "key-vault-keys-console-app\key-vault-keys-console-app.csproj", "{4645387A-A76B-4ECD-8F30-2D7E5719D38E}"
EndProject
Project("{FAE04EC0-301F-11D3-BF4B-00C04F79EFBC}") = "EventHubsSender", "EventHubsSender\EventHubsSender.csproj", "{1A297360-C89D-4BDC-8000-E811DEBA6D7F}"
EndProject
Project("{FAE04EC0-301F-11D3-BF4B-00C04F79EFBC}") = "EventHubsReceiver", "EventHubsReceiver\EventHubsReceiver.csproj", "{722B6377-9527-4E77-B1F4-6F4455E1EA41}"
EndProject
Global
	GlobalSection(SolutionConfigurationPlatforms) = preSolution
		Debug|Any CPU = Debug|Any CPU
		Release|Any CPU = Release|Any CPU
	EndGlobalSection
	GlobalSection(ProjectConfigurationPlatforms) = postSolution
		{AD52EB65-0920-4BC3-8669-1988CCA4B047}.Debug|Any CPU.ActiveCfg = Debug|Any CPU
		{AD52EB65-0920-4BC3-8669-1988CCA4B047}.Debug|Any CPU.Build.0 = Debug|Any CPU
		{AD52EB65-0920-4BC3-8669-1988CCA4B047}.Release|Any CPU.ActiveCfg = Release|Any CPU
		{AD52EB65-0920-4BC3-8669-1988CCA4B047}.Release|Any CPU.Build.0 = Release|Any CPU
		{FE0E21FA-774C-4180-9965-688D0479C6EC}.Debug|Any CPU.ActiveCfg = Debug|Any CPU
		{FE0E21FA-774C-4180-9965-688D0479C6EC}.Debug|Any CPU.Build.0 = Debug|Any CPU
		{FE0E21FA-774C-4180-9965-688D0479C6EC}.Release|Any CPU.ActiveCfg = Release|Any CPU
		{FE0E21FA-774C-4180-9965-688D0479C6EC}.Release|Any CPU.Build.0 = Release|Any CPU
		{71A100EB-B24B-4C68-859C-FBE57B3C6834}.Debug|Any CPU.ActiveCfg = Debug|Any CPU
		{71A100EB-B24B-4C68-859C-FBE57B3C6834}.Debug|Any CPU.Build.0 = Debug|Any CPU
		{71A100EB-B24B-4C68-859C-FBE57B3C6834}.Release|Any CPU.ActiveCfg = Release|Any CPU
		{71A100EB-B24B-4C68-859C-FBE57B3C6834}.Release|Any CPU.Build.0 = Release|Any CPU
		{A7143335-E8E9-4F48-AFFF-1E063FEE321A}.Debug|Any CPU.ActiveCfg = Debug|Any CPU
		{A7143335-E8E9-4F48-AFFF-1E063FEE321A}.Debug|Any CPU.Build.0 = Debug|Any CPU
		{A7143335-E8E9-4F48-AFFF-1E063FEE321A}.Release|Any CPU.ActiveCfg = Release|Any CPU
		{A7143335-E8E9-4F48-AFFF-1E063FEE321A}.Release|Any CPU.Build.0 = Release|Any CPU
		{26FBDF21-C6FC-4532-96BA-F2C189D6995E}.Debug|Any CPU.ActiveCfg = Debug|Any CPU
		{26FBDF21-C6FC-4532-96BA-F2C189D6995E}.Debug|Any CPU.Build.0 = Debug|Any CPU
		{26FBDF21-C6FC-4532-96BA-F2C189D6995E}.Release|Any CPU.ActiveCfg = Release|Any CPU
		{26FBDF21-C6FC-4532-96BA-F2C189D6995E}.Release|Any CPU.Build.0 = Release|Any CPU
		{02FF51B6-1566-4300-BC32-9288C78A0A8D}.Debug|Any CPU.ActiveCfg = Debug|Any CPU
		{02FF51B6-1566-4300-BC32-9288C78A0A8D}.Release|Any CPU.ActiveCfg = Release|Any CPU
		{978DEE30-D39B-4B0E-93AE-E9A6049F413B}.Debug|Any CPU.ActiveCfg = Debug|Any CPU
		{978DEE30-D39B-4B0E-93AE-E9A6049F413B}.Debug|Any CPU.Build.0 = Debug|Any CPU
		{978DEE30-D39B-4B0E-93AE-E9A6049F413B}.Release|Any CPU.ActiveCfg = Release|Any CPU
		{978DEE30-D39B-4B0E-93AE-E9A6049F413B}.Release|Any CPU.Build.0 = Release|Any CPU
		{4645387A-A76B-4ECD-8F30-2D7E5719D38E}.Debug|Any CPU.ActiveCfg = Debug|Any CPU
		{4645387A-A76B-4ECD-8F30-2D7E5719D38E}.Debug|Any CPU.Build.0 = Debug|Any CPU
		{4645387A-A76B-4ECD-8F30-2D7E5719D38E}.Release|Any CPU.ActiveCfg = Release|Any CPU
		{4645387A-A76B-4ECD-8F30-2D7E5719D38E}.Release|Any CPU.Build.0 = Release|Any CPU
		{1A297360-C89D-4BDC-8000-E811DEBA6D7F}.Debug|Any CPU.ActiveCfg = Debug|Any CPU
		{1A297360-C89D-4BDC-8000-E811DEBA6D7F}.Debug|Any CPU.Build.0 = Debug|Any CPU
		{1A297360-C89D-4BDC-8000-E811DEBA6D7F}.Release|Any CPU.ActiveCfg = Release|Any CPU
		{1A297360-C89D-4BDC-8000-E811DEBA6D7F}.Release|Any CPU.Build.0 = Release|Any CPU
		{722B6377-9527-4E77-B1F4-6F4455E1EA41}.Debug|Any CPU.ActiveCfg = Debug|Any CPU
		{722B6377-9527-4E77-B1F4-6F4455E1EA41}.Debug|Any CPU.Build.0 = Debug|Any CPU
		{722B6377-9527-4E77-B1F4-6F4455E1EA41}.Release|Any CPU.ActiveCfg = Release|Any CPU
		{722B6377-9527-4E77-B1F4-6F4455E1EA41}.Release|Any CPU.Build.0 = Release|Any CPU
	EndGlobalSection
	GlobalSection(SolutionProperties) = preSolution
		HideSolutionNode = FALSE
	EndGlobalSection
	GlobalSection(ExtensibilityGlobals) = postSolution
		SolutionGuid = {C384F5B8-E724-4A29-9AC1-47EBF82DC5F3}
	EndGlobalSection
EndGlobal
